
Microsoft Visual Studio Solution File, Format Version 12.00
# Visual Studio Version 16
VisualStudioVersion = 16.0.29920.165
MinimumVisualStudioVersion = 10.0.40219.1
Project("{8BC9CEB8-8B4A-11D0-8D11-00A0C91BC942}") = "ch04-02", "ch04-02\ch04-02.vcxproj", "{5AA5C4B9-132C-4D6F-B708-6DBF9F72A06A}"
EndProject
Global
	GlobalSection(SolutionConfigurationPlatforms) = preSolution
		Debug|x64 = Debug|x64
		Debug|x86 = Debug|x86
		Release|x64 = Release|x64
		Release|x86 = Release|x86
	EndGlobalSection
	GlobalSection(ProjectConfigurationPlatforms) = postSolution
		{5AA5C4B9-132C-4D6F-B708-6DBF9F72A06A}.Debug|x64.ActiveCfg = Debug|x64
		{5AA5C4B9-132C-4D6F-B708-6DBF9F72A06A}.Debug|x64.Build.0 = Debug|x64
		{5AA5C4B9-132C-4D6F-B708-6DBF9F72A06A}.Debug|x86.ActiveCfg = Debug|Win32
		{5AA5C4B9-132C-4D6F-B708-6DBF9F72A06A}.Debug|x86.Build.0 = Debug|Win32
		{5AA5C4B9-132C-4D6F-B708-6DBF9F72A06A}.Release|x64.ActiveCfg = Release|x64
		{5AA5C4B9-132C-4D6F-B708-6DBF9F72A06A}.Release|x64.Build.0 = Release|x64
		{5AA5C4B9-132C-4D6F-B708-6DBF9F72A06A}.Release|x86.ActiveCfg = Release|Win32
		{5AA5C4B9-132C-4D6F-B708-6DBF9F72A06A}.Release|x86.Build.0 = Release|Win32
	EndGlobalSection
	GlobalSection(SolutionProperties) = preSolution
		HideSolutionNode = FALSE
	EndGlobalSection
	GlobalSection(ExtensibilityGlobals) = postSolution
		SolutionGuid = {CE5C96E2-4818-4879-9313-8A04C746A102}
	EndGlobalSection
EndGlobal
